PODS:
  - Alamofire (4.5.1)
  - AlamofireImage (3.3.0):
    - Alamofire (~> 4.5)
  - Eureka (5.3.1)
  - ZaloSDK (4.0.1206):
    - ZaloSDK/Core (= 4.0.1206)
    - ZaloSDK/Main (= 4.0.1206)
  - ZaloSDK/Core (4.0.1206)
  - ZaloSDK/Main (4.0.1206):
    - ZaloSDK/Core

DEPENDENCIES:
  - AlamofireImage (~> 3.3)
  - Eureka (~> 5.3.1)
  - ZaloSDK (from `../`)

SPEC REPOS:
  trunk:
    - Alamofire
    - AlamofireImage
    - Eureka

EXTERNAL SOURCES:
  ZaloSDK:
    :path: "../"

SPEC CHECKSUMS:
  Alamofire: 2d95912bf4c34f164fdfc335872e8c312acaea4a
  AlamofireImage: 2e784dc5d00f04903a52c1d169181469c805c3df
  Eureka: 859877ab1e85661b6b7e810015d430e937d9cc7d
  ZaloSDK: 1ead128a6fe6328f9dba1dae458f80b1d2953687

PODFILE CHECKSUM: ac6e782ea03c41d4e3a6e50c9887917ec67ddc71

COCOAPODS: 1.11.2
